// !$*UTF8*$!
{
	archiveVersion = 1;
	classes = {
	};
	objectVersion = 51;
	objects = {

/* Begin PBXBuildFile section */
		29EFC1974952E97C4709D855 /* Pods_RecipeApp.framework in Frameworks */ = {isa = PBXBuildFile; fileRef = 31D172BA0AD345E0DB5EEB82 /* Pods_RecipeApp.framework */; };
		73626FF025CCCD5C00BD211B /* Recipe.swift in Sources */ = {isa = PBXBuildFile; fileRef = 73626FEF25CCCD5C00BD211B /* Recipe.swift */; };
		73626FFE25CCD63900BD211B /* RecipeDetailCoordinator.swift in Sources */ = {isa = PBXBuildFile; fileRef = 73626FF825CCD63900BD211B /* RecipeDetailCoordinator.swift */; };
		73626FFF25CCD63900BD211B /* RecipeDetailFactory.swift in Sources */ = {isa = PBXBuildFile; fileRef = 73626FF925CCD63900BD211B /* RecipeDetailFactory.swift */; };
		7362700025CCD63900BD211B /* RecipeDetailPresenter.swift in Sources */ = {isa = PBXBuildFile; fileRef = 73626FFA25CCD63900BD211B /* RecipeDetailPresenter.swift */; };
		7362700125CCD63900BD211B /* RecipeDetailViewController.swift in Sources */ = {isa = PBXBuildFile; fileRef = 73626FFB25CCD63900BD211B /* RecipeDetailViewController.swift */; };
		7362700225CCD63900BD211B /* RecipeDetailInteractor.swift in Sources */ = {isa = PBXBuildFile; fileRef = 73626FFC25CCD63900BD211B /* RecipeDetailInteractor.swift */; };
		7362700325CCD63900BD211B /* RecipeDetailService.swift in Sources */ = {isa = PBXBuildFile; fileRef = 73626FFD25CCD63900BD211B /* RecipeDetailService.swift */; };
		737545E125CC15D100F7E53B /* RecipeListCell.swift in Sources */ = {isa = PBXBuildFile; fileRef = 737545E025CC15D100F7E53B /* RecipeListCell.swift */; };
		73AB00E325E1CCD000B627A5 /* RecipeDetailGroupedInfoView.swift in Sources */ = {isa = PBXBuildFile; fileRef = 73AB00E225E1CCD000B627A5 /* RecipeDetailGroupedInfoView.swift */; };
		73B0166625E096EC0064011C /* RecipeDetailHeaderView.swift in Sources */ = {isa = PBXBuildFile; fileRef = 73B0166525E096EC0064011C /* RecipeDetailHeaderView.swift */; };
		73B0166E25E099D50064011C /* RecipeDetailRatingView.swift in Sources */ = {isa = PBXBuildFile; fileRef = 73B0166D25E099D50064011C /* RecipeDetailRatingView.swift */; };
		73B0167325E0A0B90064011C /* RecipeDetailIngredientsView.swift in Sources */ = {isa = PBXBuildFile; fileRef = 73B0167225E0A0B90064011C /* RecipeDetailIngredientsView.swift */; };
		73B60C3025D4BC8A00738F00 /* FormTextField.swift in Sources */ = {isa = PBXBuildFile; fileRef = 73B60C2F25D4BC8A00738F00 /* FormTextField.swift */; };
		73B60C3525D4BED200738F00 /* FormTextView.swift in Sources */ = {isa = PBXBuildFile; fileRef = 73B60C3425D4BED200738F00 /* FormTextView.swift */; };
		73C8926025C95BAB008A32CD /* AppDelegate.swift in Sources */ = {isa = PBXBuildFile; fileRef = 73C8925F25C95BAB008A32CD /* AppDelegate.swift */; };
		73C8926225C95BAB008A32CD /* SceneDelegate.swift in Sources */ = {isa = PBXBuildFile; fileRef = 73C8926125C95BAB008A32CD /* SceneDelegate.swift */; };
		73C8926925C95BAC008A32CD /* Assets.xcassets in Resources */ = {isa = PBXBuildFile; fileRef = 73C8926825C95BAC008A32CD /* Assets.xcassets */; };
		73C8926C25C95BAC008A32CD /* LaunchScreen.storyboard in Resources */ = {isa = PBXBuildFile; fileRef = 73C8926A25C95BAC008A32CD /* LaunchScreen.storyboard */; };
		73C8927725C95BAC008A32CD /* RecipeAppTests.swift in Sources */ = {isa = PBXBuildFile; fileRef = 73C8927625C95BAC008A32CD /* RecipeAppTests.swift */; };
		73C8928225C95BAC008A32CD /* RecipeAppUITests.swift in Sources */ = {isa = PBXBuildFile; fileRef = 73C8928125C95BAC008A32CD /* RecipeAppUITests.swift */; };
		73C8929D25C95D64008A32CD /* RecipeListCoordinator.swift in Sources */ = {isa = PBXBuildFile; fileRef = 73C8929725C95D64008A32CD /* RecipeListCoordinator.swift */; };
		73C8929E25C95D64008A32CD /* RecipeListFactory.swift in Sources */ = {isa = PBXBuildFile; fileRef = 73C8929825C95D64008A32CD /* RecipeListFactory.swift */; };
		73C8929F25C95D64008A32CD /* RecipeListPresenter.swift in Sources */ = {isa = PBXBuildFile; fileRef = 73C8929925C95D64008A32CD /* RecipeListPresenter.swift */; };
		73C892A025C95D64008A32CD /* RecipeListViewController.swift in Sources */ = {isa = PBXBuildFile; fileRef = 73C8929A25C95D64008A32CD /* RecipeListViewController.swift */; };
		73C892A125C95D64008A32CD /* RecipeListInteractor.swift in Sources */ = {isa = PBXBuildFile; fileRef = 73C8929B25C95D64008A32CD /* RecipeListInteractor.swift */; };
		73C892A225C95D64008A32CD /* RecipeListService.swift in Sources */ = {isa = PBXBuildFile; fileRef = 73C8929C25C95D64008A32CD /* RecipeListService.swift */; };
		73C8931025C9637D008A32CD /* Api.swift in Sources */ = {isa = PBXBuildFile; fileRef = 73C8930F25C9637D008A32CD /* Api.swift */; };
		73E6A4C225D2AF02003B9CCF /* RecipeFormCoordinator.swift in Sources */ = {isa = PBXBuildFile; fileRef = 73E6A4BC25D2AF02003B9CCF /* RecipeFormCoordinator.swift */; };
		73E6A4C325D2AF02003B9CCF /* RecipeFormFactory.swift in Sources */ = {isa = PBXBuildFile; fileRef = 73E6A4BD25D2AF02003B9CCF /* RecipeFormFactory.swift */; };
		73E6A4C425D2AF02003B9CCF /* RecipeFormPresenter.swift in Sources */ = {isa = PBXBuildFile; fileRef = 73E6A4BE25D2AF02003B9CCF /* RecipeFormPresenter.swift */; };
		73E6A4C525D2AF02003B9CCF /* RecipeFormViewController.swift in Sources */ = {isa = PBXBuildFile; fileRef = 73E6A4BF25D2AF02003B9CCF /* RecipeFormViewController.swift */; };
		73E6A4C625D2AF02003B9CCF /* RecipeFormInteractor.swift in Sources */ = {isa = PBXBuildFile; fileRef = 73E6A4C025D2AF02003B9CCF /* RecipeFormInteractor.swift */; };
		73E6A4C725D2AF02003B9CCF /* RecipeFormService.swift in Sources */ = {isa = PBXBuildFile; fileRef = 73E6A4C125D2AF02003B9CCF /* RecipeFormService.swift */; };
/* End PBXBuildFile section */

/* Begin PBXContainerItemProxy section */
		73C8927325C95BAC008A32CD /* PBXContainerItemProxy */ = {
			isa = PBXContainerItemProxy;
			containerPortal = 73C8925425C95BAB008A32CD /* Project object */;
			proxyType = 1;
			remoteGlobalIDString = 73C8925B25C95BAB008A32CD;
			remoteInfo = RecipeApp;
		};
		73C8927E25C95BAC008A32CD /* PBXContainerItemProxy */ = {
			isa = PBXContainerItemProxy;
			containerPortal = 73C8925425C95BAB008A32CD /* Project object */;
			proxyType = 1;
			remoteGlobalIDString = 73C8925B25C95BAB008A32CD;
			remoteInfo = RecipeApp;
		};
/* End PBXContainerItemProxy section */

/* Begin PBXFileReference section */
		31D172BA0AD345E0DB5EEB82 /* Pods_RecipeApp.framework */ = {isa = PBXFileReference; explicitFileType = wrapper.framework; includeInIndex = 0; path = Pods_RecipeApp.framework; sourceTree = BUILT_PRODUCTS_DIR; };
		51EAF44E043FE02B4F2FE663 /* Pods-RecipeApp.debug.xcconfig */ = {isa = PBXFileReference; includeInIndex = 1; lastKnownFileType = text.xcconfig; name = "Pods-RecipeApp.debug.xcconfig"; path = "Target Support Files/Pods-RecipeApp/Pods-RecipeApp.debug.xcconfig"; sourceTree = "<group>"; };
		73626FEF25CCCD5C00BD211B /* Recipe.swift */ = {isa = PBXFileReference; lastKnownFileType = sourcecode.swift; path = Recipe.swift; sourceTree = "<group>"; };
		73626FF825CCD63900BD211B /* RecipeDetailCoordinator.swift */ = {isa = PBXFileReference; lastKnownFileType = sourcecode.swift; path = RecipeDetailCoordinator.swift; sourceTree = "<group>"; };
		73626FF925CCD63900BD211B /* RecipeDetailFactory.swift */ = {isa = PBXFileReference; lastKnownFileType = sourcecode.swift; path = RecipeDetailFactory.swift; sourceTree = "<group>"; };
		73626FFA25CCD63900BD211B /* RecipeDetailPresenter.swift */ = {isa = PBXFileReference; lastKnownFileType = sourcecode.swift; path = RecipeDetailPresenter.swift; sourceTree = "<group>"; };
		73626FFB25CCD63900BD211B /* RecipeDetailViewController.swift */ = {isa = PBXFileReference; lastKnownFileType = sourcecode.swift; path = RecipeDetailViewController.swift; sourceTree = "<group>"; };
		73626FFC25CCD63900BD211B /* RecipeDetailInteractor.swift */ = {isa = PBXFileReference; lastKnownFileType = sourcecode.swift; path = RecipeDetailInteractor.swift; sourceTree = "<group>"; };
		73626FFD25CCD63900BD211B /* RecipeDetailService.swift */ = {isa = PBXFileReference; lastKnownFileType = sourcecode.swift; path = RecipeDetailService.swift; sourceTree = "<group>"; };
		737545E025CC15D100F7E53B /* RecipeListCell.swift */ = {isa = PBXFileReference; lastKnownFileType = sourcecode.swift; path = RecipeListCell.swift; sourceTree = "<group>"; };
		73AB00E225E1CCD000B627A5 /* RecipeDetailGroupedInfoView.swift */ = {isa = PBXFileReference; lastKnownFileType = sourcecode.swift; path = RecipeDetailGroupedInfoView.swift; sourceTree = "<group>"; };
		73B0166525E096EC0064011C /* RecipeDetailHeaderView.swift */ = {isa = PBXFileReference; lastKnownFileType = sourcecode.swift; path = RecipeDetailHeaderView.swift; sourceTree = "<group>"; };
		73B0166D25E099D50064011C /* RecipeDetailRatingView.swift */ = {isa = PBXFileReference; lastKnownFileType = sourcecode.swift; path = RecipeDetailRatingView.swift; sourceTree = "<group>"; };
		73B0167225E0A0B90064011C /* RecipeDetailIngredientsView.swift */ = {isa = PBXFileReference; lastKnownFileType = sourcecode.swift; path = RecipeDetailIngredientsView.swift; sourceTree = "<group>"; };
		73B60C2F25D4BC8A00738F00 /* FormTextField.swift */ = {isa = PBXFileReference; lastKnownFileType = sourcecode.swift; path = FormTextField.swift; sourceTree = "<group>"; };
		73B60C3425D4BED200738F00 /* FormTextView.swift */ = {isa = PBXFileReference; lastKnownFileType = sourcecode.swift; path = FormTextView.swift; sourceTree = "<group>"; };
		73C8925C25C95BAB008A32CD /* RecipeApp.app */ = {isa = PBXFileReference; explicitFileType = wrapper.application; includeInIndex = 0; path = RecipeApp.app; sourceTree = BUILT_PRODUCTS_DIR; };
		73C8925F25C95BAB008A32CD /* AppDelegate.swift */ = {isa = PBXFileReference; lastKnownFileType = sourcecode.swift; path = AppDelegate.swift; sourceTree = "<group>"; };
		73C8926125C95BAB008A32CD /* SceneDelegate.swift */ = {isa = PBXFileReference; lastKnownFileType = sourcecode.swift; path = SceneDelegate.swift; sourceTree = "<group>"; };
		73C8926825C95BAC008A32CD /* Assets.xcassets */ = {isa = PBXFileReference; lastKnownFileType = folder.assetcatalog; path = Assets.xcassets; sourceTree = "<group>"; };
		73C8926B25C95BAC008A32CD /* Base */ = {isa = PBXFileReference; lastKnownFileType = file.storyboard; name = Base; path = Base.lproj/LaunchScreen.storyboard; sourceTree = "<group>"; };
		73C8926D25C95BAC008A32CD /* Info.plist */ = {isa = PBXFileReference; lastKnownFileType = text.plist.xml; path = Info.plist; sourceTree = "<group>"; };
		73C8927225C95BAC008A32CD /* RecipeAppTests.xctest */ = {isa = PBXFileReference; explicitFileType = wrapper.cfbundle; includeInIndex = 0; path = RecipeAppTests.xctest; sourceTree = BUILT_PRODUCTS_DIR; };
		73C8927625C95BAC008A32CD /* RecipeAppTests.swift */ = {isa = PBXFileReference; lastKnownFileType = sourcecode.swift; path = RecipeAppTests.swift; sourceTree = "<group>"; };
		73C8927825C95BAC008A32CD /* Info.plist */ = {isa = PBXFileReference; lastKnownFileType = text.plist.xml; path = Info.plist; sourceTree = "<group>"; };
		73C8927D25C95BAC008A32CD /* RecipeAppUITests.xctest */ = {isa = PBXFileReference; explicitFileType = wrapper.cfbundle; includeInIndex = 0; path = RecipeAppUITests.xctest; sourceTree = BUILT_PRODUCTS_DIR; };
		73C8928125C95BAC008A32CD /* RecipeAppUITests.swift */ = {isa = PBXFileReference; lastKnownFileType = sourcecode.swift; path = RecipeAppUITests.swift; sourceTree = "<group>"; };
		73C8928325C95BAC008A32CD /* Info.plist */ = {isa = PBXFileReference; lastKnownFileType = text.plist.xml; path = Info.plist; sourceTree = "<group>"; };
		73C8929725C95D64008A32CD /* RecipeListCoordinator.swift */ = {isa = PBXFileReference; lastKnownFileType = sourcecode.swift; path = RecipeListCoordinator.swift; sourceTree = "<group>"; };
		73C8929825C95D64008A32CD /* RecipeListFactory.swift */ = {isa = PBXFileReference; lastKnownFileType = sourcecode.swift; path = RecipeListFactory.swift; sourceTree = "<group>"; };
		73C8929925C95D64008A32CD /* RecipeListPresenter.swift */ = {isa = PBXFileReference; lastKnownFileType = sourcecode.swift; path = RecipeListPresenter.swift; sourceTree = "<group>"; };
		73C8929A25C95D64008A32CD /* RecipeListViewController.swift */ = {isa = PBXFileReference; lastKnownFileType = sourcecode.swift; path = RecipeListViewController.swift; sourceTree = "<group>"; };
		73C8929B25C95D64008A32CD /* RecipeListInteractor.swift */ = {isa = PBXFileReference; lastKnownFileType = sourcecode.swift; path = RecipeListInteractor.swift; sourceTree = "<group>"; };
		73C8929C25C95D64008A32CD /* RecipeListService.swift */ = {isa = PBXFileReference; lastKnownFileType = sourcecode.swift; path = RecipeListService.swift; sourceTree = "<group>"; };
		73C8930F25C9637D008A32CD /* Api.swift */ = {isa = PBXFileReference; lastKnownFileType = sourcecode.swift; path = Api.swift; sourceTree = "<group>"; };
		73E6A4BC25D2AF02003B9CCF /* RecipeFormCoordinator.swift */ = {isa = PBXFileReference; lastKnownFileType = sourcecode.swift; path = RecipeFormCoordinator.swift; sourceTree = "<group>"; };
		73E6A4BD25D2AF02003B9CCF /* RecipeFormFactory.swift */ = {isa = PBXFileReference; lastKnownFileType = sourcecode.swift; path = RecipeFormFactory.swift; sourceTree = "<group>"; };
		73E6A4BE25D2AF02003B9CCF /* RecipeFormPresenter.swift */ = {isa = PBXFileReference; lastKnownFileType = sourcecode.swift; path = RecipeFormPresenter.swift; sourceTree = "<group>"; };
		73E6A4BF25D2AF02003B9CCF /* RecipeFormViewController.swift */ = {isa = PBXFileReference; lastKnownFileType = sourcecode.swift; path = RecipeFormViewController.swift; sourceTree = "<group>"; };
		73E6A4C025D2AF02003B9CCF /* RecipeFormInteractor.swift */ = {isa = PBXFileReference; lastKnownFileType = sourcecode.swift; path = RecipeFormInteractor.swift; sourceTree = "<group>"; };
		73E6A4C125D2AF02003B9CCF /* RecipeFormService.swift */ = {isa = PBXFileReference; lastKnownFileType = sourcecode.swift; path = RecipeFormService.swift; sourceTree = "<group>"; };
		92F07DAA5BDDA7A9E4BF0168 /* Pods-RecipeApp.release.xcconfig */ = {isa = PBXFileReference; includeInIndex = 1; lastKnownFileType = text.xcconfig; name = "Pods-RecipeApp.release.xcconfig"; path = "Target Support Files/Pods-RecipeApp/Pods-RecipeApp.release.xcconfig"; sourceTree = "<group>"; };
/* End PBXFileReference section */

/* Begin PBXFrameworksBuildPhase section */
		73C8925925C95BAB008A32CD /* Frameworks */ = {
			isa = PBXFrameworksBuildPhase;
			buildActionMask = 2147483647;
			files = (
				29EFC1974952E97C4709D855 /* Pods_RecipeApp.framework in Frameworks */,
			);
			runOnlyForDeploymentPostprocessing = 0;
		};
		73C8926F25C95BAC008A32CD /* Frameworks */ = {
			isa = PBXFrameworksBuildPhase;
			buildActionMask = 2147483647;
			files = (
			);
			runOnlyForDeploymentPostprocessing = 0;
		};
		73C8927A25C95BAC008A32CD /* Frameworks */ = {
			isa = PBXFrameworksBuildPhase;
			buildActionMask = 2147483647;
			files = (
			);
			runOnlyForDeploymentPostprocessing = 0;
		};
/* End PBXFrameworksBuildPhase section */

/* Begin PBXGroup section */
		1375A9CFBBD25E401CC3F1A2 /* Pods */ = {
			isa = PBXGroup;
			children = (
				51EAF44E043FE02B4F2FE663 /* Pods-RecipeApp.debug.xcconfig */,
				92F07DAA5BDDA7A9E4BF0168 /* Pods-RecipeApp.release.xcconfig */,
			);
			path = Pods;
			sourceTree = "<group>";
		};
		73626FEE25CCCD4A00BD211B /* Models */ = {
			isa = PBXGroup;
			children = (
				73626FEF25CCCD5C00BD211B /* Recipe.swift */,
			);
			path = Models;
			sourceTree = "<group>";
		};
		73626FF725CCD62600BD211B /* RecipeDetail */ = {
			isa = PBXGroup;
			children = (
				73B0166425E096D90064011C /* Views */,
				73626FF825CCD63900BD211B /* RecipeDetailCoordinator.swift */,
				73626FF925CCD63900BD211B /* RecipeDetailFactory.swift */,
				73626FFA25CCD63900BD211B /* RecipeDetailPresenter.swift */,
				73626FFB25CCD63900BD211B /* RecipeDetailViewController.swift */,
				73626FFC25CCD63900BD211B /* RecipeDetailInteractor.swift */,
				73626FFD25CCD63900BD211B /* RecipeDetailService.swift */,
			);
			path = RecipeDetail;
			sourceTree = "<group>";
		};
		73B0166425E096D90064011C /* Views */ = {
			isa = PBXGroup;
			children = (
				73B0166525E096EC0064011C /* RecipeDetailHeaderView.swift */,
				73B0167225E0A0B90064011C /* RecipeDetailIngredientsView.swift */,
				73B0166D25E099D50064011C /* RecipeDetailRatingView.swift */,
				73AB00E225E1CCD000B627A5 /* RecipeDetailGroupedInfoView.swift */,
			);
			path = Views;
			sourceTree = "<group>";
		};
		73B60C2E25D4BC7800738F00 /* Views */ = {
			isa = PBXGroup;
			children = (
				73B60C2F25D4BC8A00738F00 /* FormTextField.swift */,
				73B60C3425D4BED200738F00 /* FormTextView.swift */,
			);
			path = Views;
			sourceTree = "<group>";
		};
		73C8925325C95BAB008A32CD = {
			isa = PBXGroup;
			children = (
				73C8925E25C95BAB008A32CD /* RecipeApp */,
				73C8927525C95BAC008A32CD /* RecipeAppTests */,
				73C8928025C95BAC008A32CD /* RecipeAppUITests */,
				73C8925D25C95BAB008A32CD /* Products */,
				1375A9CFBBD25E401CC3F1A2 /* Pods */,
				9D27F7B88D5D9EA1B6FE8E62 /* Frameworks */,
			);
			sourceTree = "<group>";
		};
		73C8925D25C95BAB008A32CD /* Products */ = {
			isa = PBXGroup;
			children = (
				73C8925C25C95BAB008A32CD /* RecipeApp.app */,
				73C8927225C95BAC008A32CD /* RecipeAppTests.xctest */,
				73C8927D25C95BAC008A32CD /* RecipeAppUITests.xctest */,
			);
			name = Products;
			sourceTree = "<group>";
		};
		73C8925E25C95BAB008A32CD /* RecipeApp */ = {
			isa = PBXGroup;
			children = (
				73C8930D25C96303008A32CD /* Helpers */,
				73C8929525C95CE0008A32CD /* Scenes */,
				73C8925F25C95BAB008A32CD /* AppDelegate.swift */,
				73C8926125C95BAB008A32CD /* SceneDelegate.swift */,
				73C8926825C95BAC008A32CD /* Assets.xcassets */,
				73C8926A25C95BAC008A32CD /* LaunchScreen.storyboard */,
				73C8926D25C95BAC008A32CD /* Info.plist */,
			);
			path = RecipeApp;
			sourceTree = "<group>";
		};
		73C8927525C95BAC008A32CD /* RecipeAppTests */ = {
			isa = PBXGroup;
			children = (
				73C8927625C95BAC008A32CD /* RecipeAppTests.swift */,
				73C8927825C95BAC008A32CD /* Info.plist */,
			);
			path = RecipeAppTests;
			sourceTree = "<group>";
		};
		73C8928025C95BAC008A32CD /* RecipeAppUITests */ = {
			isa = PBXGroup;
			children = (
				73C8928125C95BAC008A32CD /* RecipeAppUITests.swift */,
				73C8928325C95BAC008A32CD /* Info.plist */,
			);
			path = RecipeAppUITests;
			sourceTree = "<group>";
		};
		73C8929525C95CE0008A32CD /* Scenes */ = {
			isa = PBXGroup;
			children = (
				73E6A4B825D2AE79003B9CCF /* RecipeForm */,
				73626FF725CCD62600BD211B /* RecipeDetail */,
				73C8929625C95CF3008A32CD /* RecipeList */,
			);
			path = Scenes;
			sourceTree = "<group>";
		};
		73C8929625C95CF3008A32CD /* RecipeList */ = {
			isa = PBXGroup;
			children = (
				73C8929725C95D64008A32CD /* RecipeListCoordinator.swift */,
				73C8929825C95D64008A32CD /* RecipeListFactory.swift */,
				73C8929925C95D64008A32CD /* RecipeListPresenter.swift */,
				73C8929A25C95D64008A32CD /* RecipeListViewController.swift */,
				73C8929B25C95D64008A32CD /* RecipeListInteractor.swift */,
				73C8929C25C95D64008A32CD /* RecipeListService.swift */,
				737545E025CC15D100F7E53B /* RecipeListCell.swift */,
				73626FEE25CCCD4A00BD211B /* Models */,
			);
			path = RecipeList;
			sourceTree = "<group>";
		};
		73C8930D25C96303008A32CD /* Helpers */ = {
			isa = PBXGroup;
			children = (
				73C8930E25C96310008A32CD /* Networking */,
			);
			path = Helpers;
			sourceTree = "<group>";
		};
		73C8930E25C96310008A32CD /* Networking */ = {
			isa = PBXGroup;
			children = (
				73C8930F25C9637D008A32CD /* Api.swift */,
			);
			path = Networking;
			sourceTree = "<group>";
		};
		73E6A4B825D2AE79003B9CCF /* RecipeForm */ = {
			isa = PBXGroup;
			children = (
				73B60C2E25D4BC7800738F00 /* Views */,
				73E6A4BC25D2AF02003B9CCF /* RecipeFormCoordinator.swift */,
				73E6A4BD25D2AF02003B9CCF /* RecipeFormFactory.swift */,
				73E6A4BE25D2AF02003B9CCF /* RecipeFormPresenter.swift */,
				73E6A4BF25D2AF02003B9CCF /* RecipeFormViewController.swift */,
				73E6A4C025D2AF02003B9CCF /* RecipeFormInteractor.swift */,
				73E6A4C125D2AF02003B9CCF /* RecipeFormService.swift */,
			);
			path = RecipeForm;
			sourceTree = "<group>";
		};
		9D27F7B88D5D9EA1B6FE8E62 /* Frameworks */ = {
			isa = PBXGroup;
			children = (
				31D172BA0AD345E0DB5EEB82 /* Pods_RecipeApp.framework */,
			);
			name = Frameworks;
			sourceTree = "<group>";
		};
/* End PBXGroup section */

/* Begin PBXNativeTarget section */
		73C8925B25C95BAB008A32CD /* RecipeApp */ = {
			isa = PBXNativeTarget;
			buildConfigurationList = 73C8928625C95BAC008A32CD /* Build configuration list for PBXNativeTarget "RecipeApp" */;
			buildPhases = (
				2CDAA139C2DD15E17CE1AF73 /* [CP] Check Pods Manifest.lock */,
				73C8925825C95BAB008A32CD /* Sources */,
				73C8925925C95BAB008A32CD /* Frameworks */,
				73C8925A25C95BAB008A32CD /* Resources */,
				5FC1A0174698E0A45B83EB7F /* [CP] Embed Pods Frameworks */,
			);
			buildRules = (
			);
			dependencies = (
			);
			name = RecipeApp;
			productName = RecipeApp;
			productReference = 73C8925C25C95BAB008A32CD /* RecipeApp.app */;
			productType = "com.apple.product-type.application";
		};
		73C8927125C95BAC008A32CD /* RecipeAppTests */ = {
			isa = PBXNativeTarget;
			buildConfigurationList = 73C8928925C95BAC008A32CD /* Build configuration list for PBXNativeTarget "RecipeAppTests" */;
			buildPhases = (
				73C8926E25C95BAC008A32CD /* Sources */,
				73C8926F25C95BAC008A32CD /* Frameworks */,
				73C8927025C95BAC008A32CD /* Resources */,
			);
			buildRules = (
			);
			dependencies = (
				73C8927425C95BAC008A32CD /* PBXTargetDependency */,
			);
			name = RecipeAppTests;
			productName = RecipeAppTests;
			productReference = 73C8927225C95BAC008A32CD /* RecipeAppTests.xctest */;
			productType = "com.apple.product-type.bundle.unit-test";
		};
		73C8927C25C95BAC008A32CD /* RecipeAppUITests */ = {
			isa = PBXNativeTarget;
			buildConfigurationList = 73C8928C25C95BAC008A32CD /* Build configuration list for PBXNativeTarget "RecipeAppUITests" */;
			buildPhases = (
				73C8927925C95BAC008A32CD /* Sources */,
				73C8927A25C95BAC008A32CD /* Frameworks */,
				73C8927B25C95BAC008A32CD /* Resources */,
			);
			buildRules = (
			);
			dependencies = (
				73C8927F25C95BAC008A32CD /* PBXTargetDependency */,
			);
			name = RecipeAppUITests;
			productName = RecipeAppUITests;
			productReference = 73C8927D25C95BAC008A32CD /* RecipeAppUITests.xctest */;
			productType = "com.apple.product-type.bundle.ui-testing";
		};
/* End PBXNativeTarget section */

/* Begin PBXProject section */
		73C8925425C95BAB008A32CD /* Project object */ = {
			isa = PBXProject;
			attributes = {
				LastSwiftUpdateCheck = 1220;
				LastUpgradeCheck = 1220;
				TargetAttributes = {
					73C8925B25C95BAB008A32CD = {
						CreatedOnToolsVersion = 12.2;
					};
					73C8927125C95BAC008A32CD = {
						CreatedOnToolsVersion = 12.2;
						TestTargetID = 73C8925B25C95BAB008A32CD;
					};
					73C8927C25C95BAC008A32CD = {
						CreatedOnToolsVersion = 12.2;
						TestTargetID = 73C8925B25C95BAB008A32CD;
					};
				};
			};
			buildConfigurationList = 73C8925725C95BAB008A32CD /* Build configuration list for PBXProject "RecipeApp" */;
			compatibilityVersion = "Xcode 9.3";
			developmentRegion = en;
			hasScannedForEncodings = 0;
			knownRegions = (
				en,
				Base,
			);
			mainGroup = 73C8925325C95BAB008A32CD;
			productRefGroup = 73C8925D25C95BAB008A32CD /* Products */;
			projectDirPath = "";
			projectRoot = "";
			targets = (
				73C8925B25C95BAB008A32CD /* RecipeApp */,
				73C8927125C95BAC008A32CD /* RecipeAppTests */,
				73C8927C25C95BAC008A32CD /* RecipeAppUITests */,
			);
		};
/* End PBXProject section */

/* Begin PBXResourcesBuildPhase section */
		73C8925A25C95BAB008A32CD /* Resources */ = {
			isa = PBXResourcesBuildPhase;
			buildActionMask = 2147483647;
			files = (
				73C8926C25C95BAC008A32CD /* LaunchScreen.storyboard in Resources */,
				73C8926925C95BAC008A32CD /* Assets.xcassets in Resources */,
			);
			runOnlyForDeploymentPostprocessing = 0;
		};
		73C8927025C95BAC008A32CD /* Resources */ = {
			isa = PBXResourcesBuildPhase;
			buildActionMask = 2147483647;
			files = (
			);
			runOnlyForDeploymentPostprocessing = 0;
		};
		73C8927B25C95BAC008A32CD /* Resources */ = {
			isa = PBXResourcesBuildPhase;
			buildActionMask = 2147483647;
			files = (
			);
			runOnlyForDeploymentPostprocessing = 0;
		};
/* End PBXResourcesBuildPhase section */

/* Begin PBXShellScriptBuildPhase section */
		2CDAA139C2DD15E17CE1AF73 /* [CP] Check Pods Manifest.lock */ = {
			isa = PBXShellScriptBuildPhase;
			buildActionMask = 2147483647;
			files = (
			);
			inputFileListPaths = (
			);
			inputPaths = (
				"${PODS_PODFILE_DIR_PATH}/Podfile.lock",
				"${PODS_ROOT}/Manifest.lock",
			);
			name = "[CP] Check Pods Manifest.lock";
			outputFileListPaths = (
			);
			outputPaths = (
				"$(DERIVED_FILE_DIR)/Pods-RecipeApp-checkManifestLockResult.txt",
			);
			runOnlyForDeploymentPostprocessing = 0;
			shellPath = /bin/sh;
			shellScript = "diff \"${PODS_PODFILE_DIR_PATH}/Podfile.lock\" \"${PODS_ROOT}/Manifest.lock\" > /dev/null\nif [ $? != 0 ] ; then\n    # print error to STDERR\n    echo \"error: The sandbox is not in sync with the Podfile.lock. Run 'pod install' or update your CocoaPods installation.\" >&2\n    exit 1\nfi\n# This output is used by Xcode 'outputs' to avoid re-running this script phase.\necho \"SUCCESS\" > \"${SCRIPT_OUTPUT_FILE_0}\"\n";
			showEnvVarsInLog = 0;
		};
		5FC1A0174698E0A45B83EB7F /* [CP] Embed Pods Frameworks */ = {
			isa = PBXShellScriptBuildPhase;
			buildActionMask = 2147483647;
			files = (
			);
			inputFileListPaths = (
				"${PODS_ROOT}/Target Support Files/Pods-RecipeApp/Pods-RecipeApp-frameworks-${CONFIGURATION}-input-files.xcfilelist",
			);
			name = "[CP] Embed Pods Frameworks";
			outputFileListPaths = (
				"${PODS_ROOT}/Target Support Files/Pods-RecipeApp/Pods-RecipeApp-frameworks-${CONFIGURATION}-output-files.xcfilelist",
			);
			runOnlyForDeploymentPostprocessing = 0;
			shellPath = /bin/sh;
			shellScript = "\"${PODS_ROOT}/Target Support Files/Pods-RecipeApp/Pods-RecipeApp-frameworks.sh\"\n";
			showEnvVarsInLog = 0;
		};
/* End PBXShellScriptBuildPhase section */

/* Begin PBXSourcesBuildPhase section */
		73C8925825C95BAB008A32CD /* Sources */ = {
			isa = PBXSourcesBuildPhase;
			buildActionMask = 2147483647;
			files = (
				73E6A4C425D2AF02003B9CCF /* RecipeFormPresenter.swift in Sources */,
				73C8931025C9637D008A32CD /* Api.swift in Sources */,
				73C892A125C95D64008A32CD /* RecipeListInteractor.swift in Sources */,
				73C8929D25C95D64008A32CD /* RecipeListCoordinator.swift in Sources */,
				73C8929F25C95D64008A32CD /* RecipeListPresenter.swift in Sources */,
				73C892A025C95D64008A32CD /* RecipeListViewController.swift in Sources */,
				7362700025CCD63900BD211B /* RecipeDetailPresenter.swift in Sources */,
				7362700325CCD63900BD211B /* RecipeDetailService.swift in Sources */,
				737545E125CC15D100F7E53B /* RecipeListCell.swift in Sources */,
				73C8926025C95BAB008A32CD /* AppDelegate.swift in Sources */,
				73B0166625E096EC0064011C /* RecipeDetailHeaderView.swift in Sources */,
				73626FFE25CCD63900BD211B /* RecipeDetailCoordinator.swift in Sources */,
				73B0166E25E099D50064011C /* RecipeDetailRatingView.swift in Sources */,
				73626FFF25CCD63900BD211B /* RecipeDetailFactory.swift in Sources */,
				73C8929E25C95D64008A32CD /* RecipeListFactory.swift in Sources */,
				73AB00E325E1CCD000B627A5 /* RecipeDetailGroupedInfoView.swift in Sources */,
				73C8926225C95BAB008A32CD /* SceneDelegate.swift in Sources */,
				73E6A4C525D2AF02003B9CCF /* RecipeFormViewController.swift in Sources */,
				73C892A225C95D64008A32CD /* RecipeListService.swift in Sources */,
				73B0167325E0A0B90064011C /* RecipeDetailIngredientsView.swift in Sources */,
				73E6A4C625D2AF02003B9CCF /* RecipeFormInteractor.swift in Sources */,
				73E6A4C325D2AF02003B9CCF /* RecipeFormFactory.swift in Sources */,
				73E6A4C725D2AF02003B9CCF /* RecipeFormService.swift in Sources */,
				73B60C3025D4BC8A00738F00 /* FormTextField.swift in Sources */,
				73B60C3525D4BED200738F00 /* FormTextView.swift in Sources */,
				7362700225CCD63900BD211B /* RecipeDetailInteractor.swift in Sources */,
				7362700125CCD63900BD211B /* RecipeDetailViewController.swift in Sources */,
				73E6A4C225D2AF02003B9CCF /* RecipeFormCoordinator.swift in Sources */,
				73626FF025CCCD5C00BD211B /* Recipe.swift in Sources */,
			);
			runOnlyForDeploymentPostprocessing = 0;
		};
		73C8926E25C95BAC008A32CD /* Sources */ = {
			isa = PBXSourcesBuildPhase;
			buildActionMask = 2147483647;
			files = (
				73C8927725C95BAC008A32CD /* RecipeAppTests.swift in Sources */,
			);
			runOnlyForDeploymentPostprocessing = 0;
		};
		73C8927925C95BAC008A32CD /* Sources */ = {
			isa = PBXSourcesBuildPhase;
			buildActionMask = 2147483647;
			files = (
				73C8928225C95BAC008A32CD /* RecipeAppUITests.swift in Sources */,
			);
			runOnlyForDeploymentPostprocessing = 0;
		};
/* End PBXSourcesBuildPhase section */

/* Begin PBXTargetDependency section */
		73C8927425C95BAC008A32CD /* PBXTargetDependency */ = {
			isa = PBXTargetDependency;
			target = 73C8925B25C95BAB008A32CD /* RecipeApp */;
			targetProxy = 73C8927325C95BAC008A32CD /* PBXContainerItemProxy */;
		};
		73C8927F25C95BAC008A32CD /* PBXTargetDependency */ = {
			isa = PBXTargetDependency;
			target = 73C8925B25C95BAB008A32CD /* RecipeApp */;
			targetProxy = 73C8927E25C95BAC008A32CD /* PBXContainerItemProxy */;
		};
/* End PBXTargetDependency section */

/* Begin PBXVariantGroup section */
		73C8926A25C95BAC008A32CD /* LaunchScreen.storyboard */ = {
			isa = PBXVariantGroup;
			children = (
				73C8926B25C95BAC008A32CD /* Base */,
			);
			name = LaunchScreen.storyboard;
			sourceTree = "<group>";
		};
/* End PBXVariantGroup section */

/* Begin XCBuildConfiguration section */
		73C8928425C95BAC008A32CD /* Debug */ = {
			isa = XCBuildConfiguration;
			buildSettings = {
				ALWAYS_SEARCH_USER_PATHS = NO;
				CLANG_ANALYZER_NONNULL = YES;
				CLANG_ANALYZER_NUMBER_OBJECT_CONVERSION = YES_AGGRESSIVE;
				CLANG_CXX_LANGUAGE_STANDARD = "gnu++14";
				CLANG_CXX_LIBRARY = "libc++";
				CLANG_ENABLE_MODULES = YES;
				CLANG_ENABLE_OBJC_ARC = YES;
				CLANG_ENABLE_OBJC_WEAK = YES;
				CLANG_WARN_BLOCK_CAPTURE_AUTORELEASING = YES;
				CLANG_WARN_BOOL_CONVERSION = YES;
				CLANG_WARN_COMMA = YES;
				CLANG_WARN_CONSTANT_CONVERSION = YES;
				CLANG_WARN_DEPRECATED_OBJC_IMPLEMENTATIONS = YES;
				CLANG_WARN_DIRECT_OBJC_ISA_USAGE = YES_ERROR;
				CLANG_WARN_DOCUMENTATION_COMMENTS = YES;
				CLANG_WARN_EMPTY_BODY = YES;
				CLANG_WARN_ENUM_CONVERSION = YES;
				CLANG_WARN_INFINITE_RECURSION = YES;
				CLANG_WARN_INT_CONVERSION = YES;
				CLANG_WARN_NON_LITERAL_NULL_CONVERSION = YES;
				CLANG_WARN_OBJC_IMPLICIT_RETAIN_SELF = YES;
				CLANG_WARN_OBJC_LITERAL_CONVERSION = YES;
				CLANG_WARN_OBJC_ROOT_CLASS = YES_ERROR;
				CLANG_WARN_QUOTED_INCLUDE_IN_FRAMEWORK_HEADER = YES;
				CLANG_WARN_RANGE_LOOP_ANALYSIS = YES;
				CLANG_WARN_STRICT_PROTOTYPES = YES;
				CLANG_WARN_SUSPICIOUS_MOVE = YES;
				CLANG_WARN_UNGUARDED_AVAILABILITY = YES_AGGRESSIVE;
				CLANG_WARN_UNREACHABLE_CODE = YES;
				CLANG_WARN__DUPLICATE_METHOD_MATCH = YES;
				COPY_PHASE_STRIP = NO;
				DEBUG_INFORMATION_FORMAT = dwarf;
				ENABLE_STRICT_OBJC_MSGSEND = YES;
				ENABLE_TESTABILITY = YES;
				GCC_C_LANGUAGE_STANDARD = gnu11;
				GCC_DYNAMIC_NO_PIC = NO;
				GCC_NO_COMMON_BLOCKS = YES;
				GCC_OPTIMIZATION_LEVEL = 0;
				GCC_PREPROCESSOR_DEFINITIONS = (
					"DEBUG=1",
					"$(inherited)",
				);
				GCC_WARN_64_TO_32_BIT_CONVERSION = YES;
				GCC_WARN_ABOUT_RETURN_TYPE = YES_ERROR;
				GCC_WARN_UNDECLARED_SELECTOR = YES;
				GCC_WARN_UNINITIALIZED_AUTOS = YES_AGGRESSIVE;
				GCC_WARN_UNUSED_FUNCTION = YES;
				GCC_WARN_UNUSED_VARIABLE = YES;
				IPHONEOS_DEPLOYMENT_TARGET = 14.2;
				MTL_ENABLE_DEBUG_INFO = INCLUDE_SOURCE;
				MTL_FAST_MATH = YES;
				ONLY_ACTIVE_ARCH = YES;
				SDKROOT = iphoneos;
				SWIFT_ACTIVE_COMPILATION_CONDITIONS = DEBUG;
				SWIFT_OPTIMIZATION_LEVEL = "-Onone";
			};
			name = Debug;
		};
		73C8928525C95BAC008A32CD /* Release */ = {
			isa = XCBuildConfiguration;
			buildSettings = {
				ALWAYS_SEARCH_USER_PATHS = NO;
				CLANG_ANALYZER_NONNULL = YES;
				CLANG_ANALYZER_NUMBER_OBJECT_CONVERSION = YES_AGGRESSIVE;
				CLANG_CXX_LANGUAGE_STANDARD = "gnu++14";
				CLANG_CXX_LIBRARY = "libc++";
				CLANG_ENABLE_MODULES = YES;
				CLANG_ENABLE_OBJC_ARC = YES;
				CLANG_ENABLE_OBJC_WEAK = YES;
				CLANG_WARN_BLOCK_CAPTURE_AUTORELEASING = YES;
				CLANG_WARN_BOOL_CONVERSION = YES;
				CLANG_WARN_COMMA = YES;
				CLANG_WARN_CONSTANT_CONVERSION = YES;
				CLANG_WARN_DEPRECATED_OBJC_IMPLEMENTATIONS = YES;
				CLANG_WARN_DIRECT_OBJC_ISA_USAGE = YES_ERROR;
				CLANG_WARN_DOCUMENTATION_COMMENTS = YES;
				CLANG_WARN_EMPTY_BODY = YES;
				CLANG_WARN_ENUM_CONVERSION = YES;
				CLANG_WARN_INFINITE_RECURSION = YES;
				CLANG_WARN_INT_CONVERSION = YES;
				CLANG_WARN_NON_LITERAL_NULL_CONVERSION = YES;
				CLANG_WARN_OBJC_IMPLICIT_RETAIN_SELF = YES;
				CLANG_WARN_OBJC_LITERAL_CONVERSION = YES;
				CLANG_WARN_OBJC_ROOT_CLASS = YES_ERROR;
				CLANG_WARN_QUOTED_INCLUDE_IN_FRAMEWORK_HEADER = YES;
				CLANG_WARN_RANGE_LOOP_ANALYSIS = YES;
				CLANG_WARN_STRICT_PROTOTYPES = YES;
				CLANG_WARN_SUSPICIOUS_MOVE = YES;
				CLANG_WARN_UNGUARDED_AVAILABILITY = YES_AGGRESSIVE;
				CLANG_WARN_UNREACHABLE_CODE = YES;
				CLANG_WARN__DUPLICATE_METHOD_MATCH = YES;
				COPY_PHASE_STRIP = NO;
				DEBUG_INFORMATION_FORMAT = "dwarf-with-dsym";
				ENABLE_NS_ASSERTIONS = NO;
				ENABLE_STRICT_OBJC_MSGSEND = YES;
				GCC_C_LANGUAGE_STANDARD = gnu11;
				GCC_NO_COMMON_BLOCKS = YES;
				GCC_WARN_64_TO_32_BIT_CONVERSION = YES;
				GCC_WARN_ABOUT_RETURN_TYPE = YES_ERROR;
				GCC_WARN_UNDECLARED_SELECTOR = YES;
				GCC_WARN_UNINITIALIZED_AUTOS = YES_AGGRESSIVE;
				GCC_WARN_UNUSED_FUNCTION = YES;
				GCC_WARN_UNUSED_VARIABLE = YES;
				IPHONEOS_DEPLOYMENT_TARGET = 14.2;
				MTL_ENABLE_DEBUG_INFO = NO;
				MTL_FAST_MATH = YES;
				SDKROOT = iphoneos;
				SWIFT_COMPILATION_MODE = wholemodule;
				SWIFT_OPTIMIZATION_LEVEL = "-O";
				VALIDATE_PRODUCT = YES;
			};
			name = Release;
		};
		73C8928725C95BAC008A32CD /* Debug */ = {
			isa = XCBuildConfiguration;
			baseConfigurationReference = 51EAF44E043FE02B4F2FE663 /* Pods-RecipeApp.debug.xcconfig */;
			buildSettings = {
				ASSETCATALOG_COMPILER_APPICON_NAME = AppIcon;
				ASSETCATALOG_COMPILER_GLOBAL_ACCENT_COLOR_NAME = AccentColor;
				CODE_SIGN_STYLE = Automatic;
				DEVELOPMENT_TEAM = X3HXSPK27L;
				INFOPLIST_FILE = RecipeApp/Info.plist;
				LD_RUNPATH_SEARCH_PATHS = (
					"$(inherited)",
					"@executable_path/Frameworks",
				);
				PRODUCT_BUNDLE_IDENTIFIER = com.private.eduardo.RecipeApp;
				PRODUCT_NAME = "$(TARGET_NAME)";
				SWIFT_VERSION = 5.0;
				TARGETED_DEVICE_FAMILY = 1;
			};
			name = Debug;
		};
		73C8928825C95BAC008A32CD /* Release */ = {
			isa = XCBuildConfiguration;
			baseConfigurationReference = 92F07DAA5BDDA7A9E4BF0168 /* Pods-RecipeApp.release.xcconfig */;
			buildSettings = {
				ASSETCATALOG_COMPILER_APPICON_NAME = AppIcon;
				ASSETCATALOG_COMPILER_GLOBAL_ACCENT_COLOR_NAME = AccentColor;
				CODE_SIGN_STYLE = Automatic;
				DEVELOPMENT_TEAM = X3HXSPK27L;
				INFOPLIST_FILE = RecipeApp/Info.plist;
				LD_RUNPATH_SEARCH_PATHS = (
					"$(inherited)",
					"@executable_path/Frameworks",
				);
				PRODUCT_BUNDLE_IDENTIFIER = com.private.eduardo.RecipeApp;
				PRODUCT_NAME = "$(TARGET_NAME)";
				SWIFT_VERSION = 5.0;
				TARGETED_DEVICE_FAMILY = 1;
			};
			name = Release;
		};
		73C8928A25C95BAC008A32CD /* Debug */ = {
			isa = XCBuildConfiguration;
			buildSettings = {
				ALWAYS_EMBED_SWIFT_STANDARD_LIBRARIES = YES;
				BUNDLE_LOADER = "$(TEST_HOST)";
				CODE_SIGN_STYLE = Automatic;
				DEVELOPMENT_TEAM = X3HXSPK27L;
				INFOPLIST_FILE = RecipeAppTests/Info.plist;
				IPHONEOS_DEPLOYMENT_TARGET = 14.2;
				LD_RUNPATH_SEARCH_PATHS = (
					"$(inherited)",
					"@executable_path/Frameworks",
					"@loader_path/Frameworks",
				);
				PRODUCT_BUNDLE_IDENTIFIER = com.private.eduardo.RecipeAppTests;
				PRODUCT_NAME = "$(TARGET_NAME)";
				SWIFT_VERSION = 5.0;
				TARGETED_DEVICE_FAMILY = "1,2";
				TEST_HOST = "$(BUILT_PRODUCTS_DIR)/RecipeApp.app/RecipeApp";
			};
			name = Debug;
		};
		73C8928B25C95BAC008A32CD /* Release */ = {
			isa = XCBuildConfiguration;
			buildSettings = {
				ALWAYS_EMBED_SWIFT_STANDARD_LIBRARIES = YES;
				BUNDLE_LOADER = "$(TEST_HOST)";
				CODE_SIGN_STYLE = Automatic;
				DEVELOPMENT_TEAM = X3HXSPK27L;
				INFOPLIST_FILE = RecipeAppTests/Info.plist;
				IPHONEOS_DEPLOYMENT_TARGET = 14.2;
				LD_RUNPATH_SEARCH_PATHS = (
					"$(inherited)",
					"@executable_path/Frameworks",
					"@loader_path/Frameworks",
				);
				PRODUCT_BUNDLE_IDENTIFIER = com.private.eduardo.RecipeAppTests;
				PRODUCT_NAME = "$(TARGET_NAME)";
				SWIFT_VERSION = 5.0;
				TARGETED_DEVICE_FAMILY = "1,2";
				TEST_HOST = "$(BUILT_PRODUCTS_DIR)/RecipeApp.app/RecipeApp";
			};
			name = Release;
		};
		73C8928D25C95BAC008A32CD /* Debug */ = {
			isa = XCBuildConfiguration;
			buildSettings = {
				ALWAYS_EMBED_SWIFT_STANDARD_LIBRARIES = YES;
				CODE_SIGN_STYLE = Automatic;
				DEVELOPMENT_TEAM = X3HXSPK27L;
				INFOPLIST_FILE = RecipeAppUITests/Info.plist;
				LD_RUNPATH_SEARCH_PATHS = (
					"$(inherited)",
					"@executable_path/Frameworks",
					"@loader_path/Frameworks",
				);
				PRODUCT_BUNDLE_IDENTIFIER = com.private.eduardo.RecipeAppUITests;
				PRODUCT_NAME = "$(TARGET_NAME)";
				SWIFT_VERSION = 5.0;
				TARGETED_DEVICE_FAMILY = "1,2";
				TEST_TARGET_NAME = RecipeApp;
			};
			name = Debug;
		};
		73C8928E25C95BAC008A32CD /* Release */ = {
			isa = XCBuildConfiguration;
			buildSettings = {
				ALWAYS_EMBED_SWIFT_STANDARD_LIBRARIES = YES;
				CODE_SIGN_STYLE = Automatic;
				DEVELOPMENT_TEAM = X3HXSPK27L;
				INFOPLIST_FILE = RecipeAppUITests/Info.plist;
				LD_RUNPATH_SEARCH_PATHS = (
					"$(inherited)",
					"@executable_path/Frameworks",
					"@loader_path/Frameworks",
				);
				PRODUCT_BUNDLE_IDENTIFIER = com.private.eduardo.RecipeAppUITests;
				PRODUCT_NAME = "$(TARGET_NAME)";
				SWIFT_VERSION = 5.0;
				TARGETED_DEVICE_FAMILY = "1,2";
				TEST_TARGET_NAME = RecipeApp;
			};
			name = Release;
		};
/* End XCBuildConfiguration section */

/* Begin XCConfigurationList section */
		73C8925725C95BAB008A32CD /* Build configuration list for PBXProject "RecipeApp" */ = {
			isa = XCConfigurationList;
			buildConfigurations = (
				73C8928425C95BAC008A32CD /* Debug */,
				73C8928525C95BAC008A32CD /* Release */,
			);
			defaultConfigurationIsVisible = 0;
			defaultConfigurationName = Release;
		};
		73C8928625C95BAC008A32CD /* Build configuration list for PBXNativeTarget "RecipeApp" */ = {
			isa = XCConfigurationList;
			buildConfigurations = (
				73C8928725C95BAC008A32CD /* Debug */,
				73C8928825C95BAC008A32CD /* Release */,
			);
			defaultConfigurationIsVisible = 0;
			defaultConfigurationName = Release;
		};
		73C8928925C95BAC008A32CD /* Build configuration list for PBXNativeTarget "RecipeAppTests" */ = {
			isa = XCConfigurationList;
			buildConfigurations = (
				73C8928A25C95BAC008A32CD /* Debug */,
				73C8928B25C95BAC008A32CD /* Release */,
			);
			defaultConfigurationIsVisible = 0;
			defaultConfigurationName = Release;
		};
		73C8928C25C95BAC008A32CD /* Build configuration list for PBXNativeTarget "RecipeAppUITests" */ = {
			isa = XCConfigurationList;
			buildConfigurations = (
				73C8928D25C95BAC008A32CD /* Debug */,
				73C8928E25C95BAC008A32CD /* Release */,
			);
			defaultConfigurationIsVisible = 0;
			defaultConfigurationName = Release;
		};
/* End XCConfigurationList section */
	};
	rootObject = 73C8925425C95BAB008A32CD /* Project object */;
}
